// !$*UTF8*$!
{
	archiveVersion = 1;
	classes = {
	};
	objectVersion = 50;
	objects = {

/* Begin PBXBuildFile section */
		4313C7B421602ABB00E75C1D /* BreathingSquaredViewModelBuilder.swift in Sources */ = {isa = PBXBuildFile; fileRef = 4313C7B321602ABB00E75C1D /* BreathingSquaredViewModelBuilder.swift */; };
		4338A91A215BD42A00A621BF /* phases.json in Resources */ = {isa = PBXBuildFile; fileRef = 4338A919215BD42A00A621BF /* phases.json */; };
		4338A91D215BD4E900A621BF /* AnimationPhase.swift in Sources */ = {isa = PBXBuildFile; fileRef = 4338A91C215BD4E900A621BF /* AnimationPhase.swift */; };
		4338A927215BF1C400A621BF /* BreathInteractorInterface.swift in Sources */ = {isa = PBXBuildFile; fileRef = 4338A926215BF1C400A621BF /* BreathInteractorInterface.swift */; };
		4338A929215BF1F700A621BF /* BreathInteractor.swift in Sources */ = {isa = PBXBuildFile; fileRef = 4338A928215BF1F700A621BF /* BreathInteractor.swift */; };
		4338A92C215C01BC00A621BF /* Countdown.swift in Sources */ = {isa = PBXBuildFile; fileRef = 4338A92B215C01BC00A621BF /* Countdown.swift */; };
		4338A92E215C050C00A621BF /* Action.swift in Sources */ = {isa = PBXBuildFile; fileRef = 4338A92D215C050C00A621BF /* Action.swift */; };
		4338A931215C1B7E00A621BF /* BreathViewState.swift in Sources */ = {isa = PBXBuildFile; fileRef = 4338A930215C1B7E00A621BF /* BreathViewState.swift */; };
		4338A936215C247D00A621BF /* BreathingSquaredViewModel.swift in Sources */ = {isa = PBXBuildFile; fileRef = 4338A935215C247D00A621BF /* BreathingSquaredViewModel.swift */; };
		4338A938215D513400A621BF /* DispatchQueue+Extensions.swift in Sources */ = {isa = PBXBuildFile; fileRef = 4338A937215D513400A621BF /* DispatchQueue+Extensions.swift */; };
		4338A950215E8FF300A621BF /* CountdownTests.swift in Sources */ = {isa = PBXBuildFile; fileRef = 4338A94F215E8FF300A621BF /* CountdownTests.swift */; };
		4338A954215E99C000A621BF /* MockBreathViewInput.swift in Sources */ = {isa = PBXBuildFile; fileRef = 4338A953215E99C000A621BF /* MockBreathViewInput.swift */; };
		4338A956215E9B4F00A621BF /* MockBreathViewOutput.swift in Sources */ = {isa = PBXBuildFile; fileRef = 4338A955215E9B4F00A621BF /* MockBreathViewOutput.swift */; };
		4338A958215E9BF600A621BF /* MockBreathInteractorInput.swift in Sources */ = {isa = PBXBuildFile; fileRef = 4338A957215E9BF600A621BF /* MockBreathInteractorInput.swift */; };
		4338A95A215E9BFF00A621BF /* MockBreathInteractorOutput.swift in Sources */ = {isa = PBXBuildFile; fileRef = 4338A959215E9BFF00A621BF /* MockBreathInteractorOutput.swift */; };
		4338A95E215EA12E00A621BF /* BreathViewTests.swift in Sources */ = {isa = PBXBuildFile; fileRef = 4338A95D215EA12E00A621BF /* BreathViewTests.swift */; };
		4338A962215EA16300A621BF /* BreathPresenterTests.swift in Sources */ = {isa = PBXBuildFile; fileRef = 4338A961215EA16300A621BF /* BreathPresenterTests.swift */; };
		4338A964215EA16C00A621BF /* BreathInteractorTests.swift in Sources */ = {isa = PBXBuildFile; fileRef = 4338A963215EA16C00A621BF /* BreathInteractorTests.swift */; };
		62918F4820E96B6800A7C979 /* AppDelegate.swift in Sources */ = {isa = PBXBuildFile; fileRef = 62918F4720E96B6800A7C979 /* AppDelegate.swift */; };
		62918F4D20E96B6800A7C979 /* Breath.storyboard in Resources */ = {isa = PBXBuildFile; fileRef = 62918F4B20E96B6800A7C979 /* Breath.storyboard */; };
		62918F4F20E96B6900A7C979 /* Assets.xcassets in Resources */ = {isa = PBXBuildFile; fileRef = 62918F4E20E96B6900A7C979 /* Assets.xcassets */; };
		62918F5220E96B6900A7C979 /* LaunchScreen.storyboard in Resources */ = {isa = PBXBuildFile; fileRef = 62918F5020E96B6900A7C979 /* LaunchScreen.storyboard */; };
		62918F6220E96DDD00A7C979 /* BreathViewController.swift in Sources */ = {isa = PBXBuildFile; fileRef = 62918F6120E96DDD00A7C979 /* BreathViewController.swift */; };
		62918F6520E97BE800A7C979 /* BreathPresenter.swift in Sources */ = {isa = PBXBuildFile; fileRef = 62918F6420E97BE800A7C979 /* BreathPresenter.swift */; };
		62918F6720E97C1500A7C979 /* BreathViewInterface.swift in Sources */ = {isa = PBXBuildFile; fileRef = 62918F6620E97C1500A7C979 /* BreathViewInterface.swift */; };
		62918F6A20E97CC800A7C979 /* BreathConfigurator.swift in Sources */ = {isa = PBXBuildFile; fileRef = 62918F6920E97CC800A7C979 /* BreathConfigurator.swift */; };
		62F92C37216587C3009141FA /* Formatter.swift in Sources */ = {isa = PBXBuildFile; fileRef = 62F92C36216587C3009141FA /* Formatter.swift */; };
		62F92C39216589FB009141FA /* StringFormatter.swift in Sources */ = {isa = PBXBuildFile; fileRef = 62F92C38216589FB009141FA /* StringFormatter.swift */; };
		62F92C3B21658AC2009141FA /* CountdownTimeFormatter.swift in Sources */ = {isa = PBXBuildFile; fileRef = 62F92C3A21658AC2009141FA /* CountdownTimeFormatter.swift */; };
		AE9DBEF69A5EC2C76FBC9288 /* Pods_BreathApp.framework in Frameworks */ = {isa = PBXBuildFile; fileRef = 97A19EE2CB7952082C78B96E /* Pods_BreathApp.framework */; };
/* End PBXBuildFile section */

/* Begin PBXContainerItemProxy section */
		4338A942215E8F6E00A621BF /* PBXContainerItemProxy */ = {
			isa = PBXContainerItemProxy;
			containerPortal = 62918F3C20E96B6800A7C979 /* Project object */;
			proxyType = 1;
			remoteGlobalIDString = 62918F4320E96B6800A7C979;
			remoteInfo = BreathApp;
		};
/* End PBXContainerItemProxy section */

/* Begin PBXFileReference section */
		4313C7B321602ABB00E75C1D /* BreathingSquaredViewModelBuilder.swift */ = {isa = PBXFileReference; lastKnownFileType = sourcecode.swift; path = BreathingSquaredViewModelBuilder.swift; sourceTree = "<group>"; };
		4338A919215BD42A00A621BF /* phases.json */ = {isa = PBXFileReference; fileEncoding = 4; lastKnownFileType = text.json; path = phases.json; sourceTree = "<group>"; };
		4338A91C215BD4E900A621BF /* AnimationPhase.swift */ = {isa = PBXFileReference; lastKnownFileType = sourcecode.swift; path = AnimationPhase.swift; sourceTree = "<group>"; };
		4338A926215BF1C400A621BF /* BreathInteractorInterface.swift */ = {isa = PBXFileReference; lastKnownFileType = sourcecode.swift; path = BreathInteractorInterface.swift; sourceTree = "<group>"; };
		4338A928215BF1F700A621BF /* BreathInteractor.swift */ = {isa = PBXFileReference; lastKnownFileType = sourcecode.swift; path = BreathInteractor.swift; sourceTree = "<group>"; };
		4338A92B215C01BC00A621BF /* Countdown.swift */ = {isa = PBXFileReference; lastKnownFileType = sourcecode.swift; path = Countdown.swift; sourceTree = "<group>"; };
		4338A92D215C050C00A621BF /* Action.swift */ = {isa = PBXFileReference; lastKnownFileType = sourcecode.swift; path = Action.swift; sourceTree = "<group>"; };
		4338A930215C1B7E00A621BF /* BreathViewState.swift */ = {isa = PBXFileReference; lastKnownFileType = sourcecode.swift; path = BreathViewState.swift; sourceTree = "<group>"; };
		4338A935215C247D00A621BF /* BreathingSquaredViewModel.swift */ = {isa = PBXFileReference; lastKnownFileType = sourcecode.swift; path = BreathingSquaredViewModel.swift; sourceTree = "<group>"; };
		4338A937215D513400A621BF /* DispatchQueue+Extensions.swift */ = {isa = PBXFileReference; lastKnownFileType = sourcecode.swift; path = "DispatchQueue+Extensions.swift"; sourceTree = "<group>"; };
		4338A93D215E8F6E00A621BF /* BreathAppTests.xctest */ = {isa = PBXFileReference; explicitFileType = wrapper.cfbundle; includeInIndex = 0; path = BreathAppTests.xctest; sourceTree = BUILT_PRODUCTS_DIR; };
		4338A941215E8F6E00A621BF /* Info.plist */ = {isa = PBXFileReference; lastKnownFileType = text.plist.xml; path = Info.plist; sourceTree = "<group>"; };
		4338A94F215E8FF300A621BF /* CountdownTests.swift */ = {isa = PBXFileReference; lastKnownFileType = sourcecode.swift; path = CountdownTests.swift; sourceTree = "<group>"; };
		4338A953215E99C000A621BF /* MockBreathViewInput.swift */ = {isa = PBXFileReference; lastKnownFileType = sourcecode.swift; path = MockBreathViewInput.swift; sourceTree = "<group>"; };
		4338A955215E9B4F00A621BF /* MockBreathViewOutput.swift */ = {isa = PBXFileReference; lastKnownFileType = sourcecode.swift; path = MockBreathViewOutput.swift; sourceTree = "<group>"; };
		4338A957215E9BF600A621BF /* MockBreathInteractorInput.swift */ = {isa = PBXFileReference; lastKnownFileType = sourcecode.swift; path = MockBreathInteractorInput.swift; sourceTree = "<group>"; };
		4338A959215E9BFF00A621BF /* MockBreathInteractorOutput.swift */ = {isa = PBXFileReference; lastKnownFileType = sourcecode.swift; path = MockBreathInteractorOutput.swift; sourceTree = "<group>"; };
		4338A95D215EA12E00A621BF /* BreathViewTests.swift */ = {isa = PBXFileReference; lastKnownFileType = sourcecode.swift; path = BreathViewTests.swift; sourceTree = "<group>"; };
		4338A961215EA16300A621BF /* BreathPresenterTests.swift */ = {isa = PBXFileReference; lastKnownFileType = sourcecode.swift; path = BreathPresenterTests.swift; sourceTree = "<group>"; };
		4338A963215EA16C00A621BF /* BreathInteractorTests.swift */ = {isa = PBXFileReference; lastKnownFileType = sourcecode.swift; path = BreathInteractorTests.swift; sourceTree = "<group>"; };
		62918F4420E96B6800A7C979 /* BreathApp.app */ = {isa = PBXFileReference; explicitFileType = wrapper.application; includeInIndex = 0; path = BreathApp.app; sourceTree = BUILT_PRODUCTS_DIR; };
		62918F4720E96B6800A7C979 /* AppDelegate.swift */ = {isa = PBXFileReference; lastKnownFileType = sourcecode.swift; path = AppDelegate.swift; sourceTree = "<group>"; };
		62918F4C20E96B6800A7C979 /* Base */ = {isa = PBXFileReference; lastKnownFileType = file.storyboard; name = Base; path = Base.lproj/Breath.storyboard; sourceTree = "<group>"; };
		62918F4E20E96B6900A7C979 /* Assets.xcassets */ = {isa = PBXFileReference; lastKnownFileType = folder.assetcatalog; path = Assets.xcassets; sourceTree = "<group>"; };
		62918F5120E96B6900A7C979 /* Base */ = {isa = PBXFileReference; lastKnownFileType = file.storyboard; name = Base; path = Base.lproj/LaunchScreen.storyboard; sourceTree = "<group>"; };
		62918F5320E96B6900A7C979 /* Info.plist */ = {isa = PBXFileReference; lastKnownFileType = text.plist.xml; path = Info.plist; sourceTree = "<group>"; };
		62918F6120E96DDD00A7C979 /* BreathViewController.swift */ = {isa = PBXFileReference; lastKnownFileType = sourcecode.swift; path = BreathViewController.swift; sourceTree = "<group>"; };
		62918F6420E97BE800A7C979 /* BreathPresenter.swift */ = {isa = PBXFileReference; lastKnownFileType = sourcecode.swift; path = BreathPresenter.swift; sourceTree = "<group>"; };
		62918F6620E97C1500A7C979 /* BreathViewInterface.swift */ = {isa = PBXFileReference; lastKnownFileType = sourcecode.swift; path = BreathViewInterface.swift; sourceTree = "<group>"; };
		62918F6920E97CC800A7C979 /* BreathConfigurator.swift */ = {isa = PBXFileReference; lastKnownFileType = sourcecode.swift; path = BreathConfigurator.swift; sourceTree = "<group>"; };
		62F92C36216587C3009141FA /* Formatter.swift */ = {isa = PBXFileReference; lastKnownFileType = sourcecode.swift; path = Formatter.swift; sourceTree = "<group>"; };
		62F92C38216589FB009141FA /* StringFormatter.swift */ = {isa = PBXFileReference; lastKnownFileType = sourcecode.swift; path = StringFormatter.swift; sourceTree = "<group>"; };
		62F92C3A21658AC2009141FA /* CountdownTimeFormatter.swift */ = {isa = PBXFileReference; lastKnownFileType = sourcecode.swift; path = CountdownTimeFormatter.swift; sourceTree = "<group>"; };
		7CCB2F1D1E5A0D2E112603C5 /* Pods-BreathApp.debug.xcconfig */ = {isa = PBXFileReference; includeInIndex = 1; lastKnownFileType = text.xcconfig; name = "Pods-BreathApp.debug.xcconfig"; path = "Pods/Target Support Files/Pods-BreathApp/Pods-BreathApp.debug.xcconfig"; sourceTree = "<group>"; };
		97A19EE2CB7952082C78B96E /* Pods_BreathApp.framework */ = {isa = PBXFileReference; explicitFileType = wrapper.framework; includeInIndex = 0; path = Pods_BreathApp.framework; sourceTree = BUILT_PRODUCTS_DIR; };
		C6F48B26FF368FB58FDF34D6 /* Pods-BreathApp.release.xcconfig */ = {isa = PBXFileReference; includeInIndex = 1; lastKnownFileType = text.xcconfig; name = "Pods-BreathApp.release.xcconfig"; path = "Pods/Target Support Files/Pods-BreathApp/Pods-BreathApp.release.xcconfig"; sourceTree = "<group>"; };
/* End PBXFileReference section */

/* Begin PBXFrameworksBuildPhase section */
		4338A93A215E8F6E00A621BF /* Frameworks */ = {
			isa = PBXFrameworksBuildPhase;
			buildActionMask = 2147483647;
			files = (
			);
			runOnlyForDeploymentPostprocessing = 0;
		};
		62918F4120E96B6800A7C979 /* Frameworks */ = {
			isa = PBXFrameworksBuildPhase;
			buildActionMask = 2147483647;
			files = (
				AE9DBEF69A5EC2C76FBC9288 /* Pods_BreathApp.framework in Frameworks */,
			);
			runOnlyForDeploymentPostprocessing = 0;
		};
/* End PBXFrameworksBuildPhase section */

/* Begin PBXGroup section */
		4313C7B221602AAD00E75C1D /* Builder */ = {
			isa = PBXGroup;
			children = (
				4313C7B321602ABB00E75C1D /* BreathingSquaredViewModelBuilder.swift */,
			);
			path = Builder;
			sourceTree = "<group>";
		};
		4338A91B215BD4C100A621BF /* Models */ = {
			isa = PBXGroup;
			children = (
				4338A91C215BD4E900A621BF /* AnimationPhase.swift */,
			);
			path = Models;
			sourceTree = "<group>";
		};
		4338A925215BF1A000A621BF /* Interactor */ = {
			isa = PBXGroup;
			children = (
				4338A926215BF1C400A621BF /* BreathInteractorInterface.swift */,
				4338A928215BF1F700A621BF /* BreathInteractor.swift */,
			);
			path = Interactor;
			sourceTree = "<group>";
		};
		4338A92A215C01B000A621BF /* Common */ = {
			isa = PBXGroup;
			children = (
				62F92C35216587B1009141FA /* Formatters */,
				4338A92D215C050C00A621BF /* Action.swift */,
				4338A92B215C01BC00A621BF /* Countdown.swift */,
				4338A937215D513400A621BF /* DispatchQueue+Extensions.swift */,
			);
			path = Common;
			sourceTree = "<group>";
		};
		4338A92F215C1B4B00A621BF /* State */ = {
			isa = PBXGroup;
			children = (
				4338A930215C1B7E00A621BF /* BreathViewState.swift */,
			);
			path = State;
			sourceTree = "<group>";
		};
		4338A934215C247300A621BF /* ViewModel */ = {
			isa = PBXGroup;
			children = (
				4338A935215C247D00A621BF /* BreathingSquaredViewModel.swift */,
			);
			path = ViewModel;
			sourceTree = "<group>";
		};
		4338A93E215E8F6E00A621BF /* BreathAppTests */ = {
			isa = PBXGroup;
			children = (
				4338A94A215E8F9600A621BF /* Common */,
				4338A949215E8F8F00A621BF /* Mocks */,
				4338A947215E8F7F00A621BF /* Modules */,
				4338A941215E8F6E00A621BF /* Info.plist */,
			);
			path = BreathAppTests;
			sourceTree = "<group>";
		};
		4338A947215E8F7F00A621BF /* Modules */ = {
			isa = PBXGroup;
			children = (
				4338A948215E8F8900A621BF /* Breath */,
			);
			path = Modules;
			sourceTree = "<group>";
		};
		4338A948215E8F8900A621BF /* Breath */ = {
			isa = PBXGroup;
			children = (
				4338A95D215EA12E00A621BF /* BreathViewTests.swift */,
				4338A963215EA16C00A621BF /* BreathInteractorTests.swift */,
				4338A961215EA16300A621BF /* BreathPresenterTests.swift */,
			);
			path = Breath;
			sourceTree = "<group>";
		};
		4338A949215E8F8F00A621BF /* Mocks */ = {
			isa = PBXGroup;
			children = (
				4338A953215E99C000A621BF /* MockBreathViewInput.swift */,
				4338A955215E9B4F00A621BF /* MockBreathViewOutput.swift */,
				4338A957215E9BF600A621BF /* MockBreathInteractorInput.swift */,
				4338A959215E9BFF00A621BF /* MockBreathInteractorOutput.swift */,
			);
			path = Mocks;
			sourceTree = "<group>";
		};
		4338A94A215E8F9600A621BF /* Common */ = {
			isa = PBXGroup;
			children = (
				4338A94F215E8FF300A621BF /* CountdownTests.swift */,
			);
			path = Common;
			sourceTree = "<group>";
		};
		6160FE507BBD577063D84DBC /* Frameworks */ = {
			isa = PBXGroup;
			children = (
				97A19EE2CB7952082C78B96E /* Pods_BreathApp.framework */,
			);
			name = Frameworks;
			sourceTree = "<group>";
		};
		62918F3B20E96B6800A7C979 = {
			isa = PBXGroup;
			children = (
				62918F4620E96B6800A7C979 /* BreathApp */,
				4338A93E215E8F6E00A621BF /* BreathAppTests */,
				62918F4520E96B6800A7C979 /* Products */,
				63BCE1F1A06A971955323A69 /* Pods */,
				6160FE507BBD577063D84DBC /* Frameworks */,
			);
			sourceTree = "<group>";
		};
		62918F4520E96B6800A7C979 /* Products */ = {
			isa = PBXGroup;
			children = (
				62918F4420E96B6800A7C979 /* BreathApp.app */,
				4338A93D215E8F6E00A621BF /* BreathAppTests.xctest */,
			);
			name = Products;
			sourceTree = "<group>";
		};
		62918F4620E96B6800A7C979 /* BreathApp */ = {
			isa = PBXGroup;
			children = (
				62918F5A20E96BEF00A7C979 /* Sources */,
				62918F5920E96BE800A7C979 /* Resources */,
			);
			path = BreathApp;
			sourceTree = "<group>";
		};
		62918F5920E96BE800A7C979 /* Resources */ = {
			isa = PBXGroup;
			children = (
				62918F5B20E96D3400A7C979 /* AnimationPhases */,
				62918F4E20E96B6900A7C979 /* Assets.xcassets */,
				62918F5020E96B6900A7C979 /* LaunchScreen.storyboard */,
				62918F5320E96B6900A7C979 /* Info.plist */,
			);
			path = Resources;
			sourceTree = "<group>";
		};
		62918F5A20E96BEF00A7C979 /* Sources */ = {
			isa = PBXGroup;
			children = (
				62918F4720E96B6800A7C979 /* AppDelegate.swift */,
				62918F5E20E96D4600A7C979 /* Modules */,
				4338A91B215BD4C100A621BF /* Models */,
				4338A92A215C01B000A621BF /* Common */,
			);
			path = Sources;
			sourceTree = "<group>";
		};
		62918F5B20E96D3400A7C979 /* AnimationPhases */ = {
			isa = PBXGroup;
			children = (
				4338A919215BD42A00A621BF /* phases.json */,
			);
			path = AnimationPhases;
			sourceTree = "<group>";
		};
		62918F5E20E96D4600A7C979 /* Modules */ = {
			isa = PBXGroup;
			children = (
				62918F5F20E96D7A00A7C979 /* Breath */,
			);
			path = Modules;
			sourceTree = "<group>";
		};
		62918F5F20E96D7A00A7C979 /* Breath */ = {
			isa = PBXGroup;
			children = (
				62918F6820E97CBC00A7C979 /* Configurator */,
				62918F6020E96D8F00A7C979 /* View */,
				4338A925215BF1A000A621BF /* Interactor */,
				62918F6320E97BD800A7C979 /* Presenter */,
			);
			path = Breath;
			sourceTree = "<group>";
		};
		62918F6020E96D8F00A7C979 /* View */ = {
			isa = PBXGroup;
			children = (
				4338A934215C247300A621BF /* ViewModel */,
				62918F4B20E96B6800A7C979 /* Breath.storyboard */,
				62918F6620E97C1500A7C979 /* BreathViewInterface.swift */,
				62918F6120E96DDD00A7C979 /* BreathViewController.swift */,
			);
			path = View;
			sourceTree = "<group>";
		};
		62918F6320E97BD800A7C979 /* Presenter */ = {
			isa = PBXGroup;
			children = (
				62918F6420E97BE800A7C979 /* BreathPresenter.swift */,
				4313C7B221602AAD00E75C1D /* Builder */,
				4338A92F215C1B4B00A621BF /* State */,
			);
			path = Presenter;
			sourceTree = "<group>";
		};
		62918F6820E97CBC00A7C979 /* Configurator */ = {
			isa = PBXGroup;
			children = (
				62918F6920E97CC800A7C979 /* BreathConfigurator.swift */,
			);
			path = Configurator;
			sourceTree = "<group>";
		};
		62F92C35216587B1009141FA /* Formatters */ = {
			isa = PBXGroup;
			children = (
				62F92C36216587C3009141FA /* Formatter.swift */,
				62F92C38216589FB009141FA /* StringFormatter.swift */,
				62F92C3A21658AC2009141FA /* CountdownTimeFormatter.swift */,
			);
			path = Formatters;
			sourceTree = "<group>";
		};
		63BCE1F1A06A971955323A69 /* Pods */ = {
			isa = PBXGroup;
			children = (
				7CCB2F1D1E5A0D2E112603C5 /* Pods-BreathApp.debug.xcconfig */,
				C6F48B26FF368FB58FDF34D6 /* Pods-BreathApp.release.xcconfig */,
			);
			name = Pods;
			sourceTree = "<group>";
		};
/* End PBXGroup section */

/* Begin PBXNativeTarget section */
		4338A93C215E8F6E00A621BF /* BreathAppTests */ = {
			isa = PBXNativeTarget;
			buildConfigurationList = 4338A944215E8F6E00A621BF /* Build configuration list for PBXNativeTarget "BreathAppTests" */;
			buildPhases = (
				4338A939215E8F6E00A621BF /* Sources */,
				4338A93A215E8F6E00A621BF /* Frameworks */,
				4338A93B215E8F6E00A621BF /* Resources */,
			);
			buildRules = (
			);
			dependencies = (
				4338A943215E8F6E00A621BF /* PBXTargetDependency */,
			);
			name = BreathAppTests;
			productName = BreathAppTests;
			productReference = 4338A93D215E8F6E00A621BF /* BreathAppTests.xctest */;
			productType = "com.apple.product-type.bundle.unit-test";
		};
		62918F4320E96B6800A7C979 /* BreathApp */ = {
			isa = PBXNativeTarget;
			buildConfigurationList = 62918F5620E96B6900A7C979 /* Build configuration list for PBXNativeTarget "BreathApp" */;
			buildPhases = (
				E32FA5DADA12B2CEC7055F57 /* [CP] Check Pods Manifest.lock */,
				62918F4020E96B6800A7C979 /* Sources */,
				62918F4120E96B6800A7C979 /* Frameworks */,
				62918F4220E96B6800A7C979 /* Resources */,
				74F99FEBF3AFCD9630370F7A /* [CP] Embed Pods Frameworks */,
			);
			buildRules = (
			);
			dependencies = (
			);
			name = BreathApp;
			productName = BreathApp;
			productReference = 62918F4420E96B6800A7C979 /* BreathApp.app */;
			productType = "com.apple.product-type.application";
		};
/* End PBXNativeTarget section */

/* Begin PBXProject section */
		62918F3C20E96B6800A7C979 /* Project object */ = {
			isa = PBXProject;
			attributes = {
				LastSwiftUpdateCheck = 1000;
				LastUpgradeCheck = 0940;
				ORGANIZATIONNAME = "Nikita Khomitsevich";
				TargetAttributes = {
					4338A93C215E8F6E00A621BF = {
						CreatedOnToolsVersion = 10.0;
						LastSwiftMigration = 1000;
						TestTargetID = 62918F4320E96B6800A7C979;
					};
					62918F4320E96B6800A7C979 = {
						CreatedOnToolsVersion = 9.4.1;
					};
				};
			};
			buildConfigurationList = 62918F3F20E96B6800A7C979 /* Build configuration list for PBXProject "BreathApp" */;
			compatibilityVersion = "Xcode 9.3";
			developmentRegion = en;
			hasScannedForEncodings = 0;
			knownRegions = (
				en,
				Base,
			);
			mainGroup = 62918F3B20E96B6800A7C979;
			productRefGroup = 62918F4520E96B6800A7C979 /* Products */;
			projectDirPath = "";
			projectRoot = "";
			targets = (
				62918F4320E96B6800A7C979 /* BreathApp */,
				4338A93C215E8F6E00A621BF /* BreathAppTests */,
			);
		};
/* End PBXProject section */

/* Begin PBXResourcesBuildPhase section */
		4338A93B215E8F6E00A621BF /* Resources */ = {
			isa = PBXResourcesBuildPhase;
			buildActionMask = 2147483647;
			files = (
			);
			runOnlyForDeploymentPostprocessing = 0;
		};
		62918F4220E96B6800A7C979 /* Resources */ = {
			isa = PBXResourcesBuildPhase;
			buildActionMask = 2147483647;
			files = (
				62918F5220E96B6900A7C979 /* LaunchScreen.storyboard in Resources */,
				62918F4F20E96B6900A7C979 /* Assets.xcassets in Resources */,
				62918F4D20E96B6800A7C979 /* Breath.storyboard in Resources */,
				4338A91A215BD42A00A621BF /* phases.json in Resources */,
			);
			runOnlyForDeploymentPostprocessing = 0;
		};
/* End PBXResourcesBuildPhase section */

/* Begin PBXShellScriptBuildPhase section */
		74F99FEBF3AFCD9630370F7A /* [CP] Embed Pods Frameworks */ = {
			isa = PBXShellScriptBuildPhase;
			buildActionMask = 2147483647;
			files = (
			);
			inputPaths = (
				"${SRCROOT}/Pods/Target Support Files/Pods-BreathApp/Pods-BreathApp-frameworks.sh",
				"${BUILT_PRODUCTS_DIR}/UIColor_Hex_Swift/UIColor_Hex_Swift.framework",
			);
			name = "[CP] Embed Pods Frameworks";
			outputPaths = (
				"${TARGET_BUILD_DIR}/${FRAMEWORKS_FOLDER_PATH}/UIColor_Hex_Swift.framework",
			);
			runOnlyForDeploymentPostprocessing = 0;
			shellPath = /bin/sh;
			shellScript = "\"${SRCROOT}/Pods/Target Support Files/Pods-BreathApp/Pods-BreathApp-frameworks.sh\"\n";
			showEnvVarsInLog = 0;
		};
		E32FA5DADA12B2CEC7055F57 /* [CP] Check Pods Manifest.lock */ = {
			isa = PBXShellScriptBuildPhase;
			buildActionMask = 2147483647;
			files = (
			);
			inputPaths = (
				"${PODS_PODFILE_DIR_PATH}/Podfile.lock",
				"${PODS_ROOT}/Manifest.lock",
			);
			name = "[CP] Check Pods Manifest.lock";
			outputPaths = (
				"$(DERIVED_FILE_DIR)/Pods-BreathApp-checkManifestLockResult.txt",
			);
			runOnlyForDeploymentPostprocessing = 0;
			shellPath = /bin/sh;
			shellScript = "diff \"${PODS_PODFILE_DIR_PATH}/Podfile.lock\" \"${PODS_ROOT}/Manifest.lock\" > /dev/null\nif [ $? != 0 ] ; then\n    # print error to STDERR\n    echo \"error: The sandbox is not in sync with the Podfile.lock. Run 'pod install' or update your CocoaPods installation.\" >&2\n    exit 1\nfi\n# This output is used by Xcode 'outputs' to avoid re-running this script phase.\necho \"SUCCESS\" > \"${SCRIPT_OUTPUT_FILE_0}\"\n";
			showEnvVarsInLog = 0;
		};
/* End PBXShellScriptBuildPhase section */

/* Begin PBXSourcesBuildPhase section */
		4338A939215E8F6E00A621BF /* Sources */ = {
			isa = PBXSourcesBuildPhase;
			buildActionMask = 2147483647;
			files = (
				4338A964215EA16C00A621BF /* BreathInteractorTests.swift in Sources */,
				4338A950215E8FF300A621BF /* CountdownTests.swift in Sources */,
				4338A958215E9BF600A621BF /* MockBreathInteractorInput.swift in Sources */,
				4338A954215E99C000A621BF /* MockBreathViewInput.swift in Sources */,
				4338A95A215E9BFF00A621BF /* MockBreathInteractorOutput.swift in Sources */,
				4338A956215E9B4F00A621BF /* MockBreathViewOutput.swift in Sources */,
				4338A962215EA16300A621BF /* BreathPresenterTests.swift in Sources */,
				4338A95E215EA12E00A621BF /* BreathViewTests.swift in Sources */,
			);
			runOnlyForDeploymentPostprocessing = 0;
		};
		62918F4020E96B6800A7C979 /* Sources */ = {
			isa = PBXSourcesBuildPhase;
			buildActionMask = 2147483647;
			files = (
				62918F6A20E97CC800A7C979 /* BreathConfigurator.swift in Sources */,
				4338A938215D513400A621BF /* DispatchQueue+Extensions.swift in Sources */,
				4338A936215C247D00A621BF /* BreathingSquaredViewModel.swift in Sources */,
				62918F6220E96DDD00A7C979 /* BreathViewController.swift in Sources */,
				4338A929215BF1F700A621BF /* BreathInteractor.swift in Sources */,
				4338A92E215C050C00A621BF /* Action.swift in Sources */,
				62918F6520E97BE800A7C979 /* BreathPresenter.swift in Sources */,
				62918F6720E97C1500A7C979 /* BreathViewInterface.swift in Sources */,
				4338A92C215C01BC00A621BF /* Countdown.swift in Sources */,
				4338A91D215BD4E900A621BF /* AnimationPhase.swift in Sources */,
				4338A931215C1B7E00A621BF /* BreathViewState.swift in Sources */,
				62F92C39216589FB009141FA /* StringFormatter.swift in Sources */,
				62918F4820E96B6800A7C979 /* AppDelegate.swift in Sources */,
				62F92C37216587C3009141FA /* Formatter.swift in Sources */,
				62F92C3B21658AC2009141FA /* CountdownTimeFormatter.swift in Sources */,
				4313C7B421602ABB00E75C1D /* BreathingSquaredViewModelBuilder.swift in Sources */,
				4338A927215BF1C400A621BF /* BreathInteractorInterface.swift in Sources */,
			);
			runOnlyForDeploymentPostprocessing = 0;
		};
/* End PBXSourcesBuildPhase section */

/* Begin PBXTargetDependency section */
		4338A943215E8F6E00A621BF /* PBXTargetDependency */ = {
			isa = PBXTargetDependency;
			target = 62918F4320E96B6800A7C979 /* BreathApp */;
			targetProxy = 4338A942215E8F6E00A621BF /* PBXContainerItemProxy */;
		};
/* End PBXTargetDependency section */

/* Begin PBXVariantGroup section */
		62918F4B20E96B6800A7C979 /* Breath.storyboard */ = {
			isa = PBXVariantGroup;
			children = (
				62918F4C20E96B6800A7C979 /* Base */,
			);
			name = Breath.storyboard;
			sourceTree = "<group>";
		};
		62918F5020E96B6900A7C979 /* LaunchScreen.storyboard */ = {
			isa = PBXVariantGroup;
			children = (
				62918F5120E96B6900A7C979 /* Base */,
			);
			name = LaunchScreen.storyboard;
			sourceTree = "<group>";
		};
/* End PBXVariantGroup section */

/* Begin XCBuildConfiguration section */
		4338A945215E8F6E00A621BF /* Debug */ = {
			isa = XCBuildConfiguration;
			buildSettings = {
				BUNDLE_LOADER = "$(TEST_HOST)";
				CLANG_ENABLE_MODULES = NO;
				CODE_SIGN_STYLE = Automatic;
				DEVELOPMENT_TEAM = C5B4S79D6V;
				INFOPLIST_FILE = BreathAppTests/Info.plist;
				IPHONEOS_DEPLOYMENT_TARGET = 12.0;
				LD_RUNPATH_SEARCH_PATHS = (
					"$(inherited)",
					"@executable_path/Frameworks",
					"@loader_path/Frameworks",
				);
				MTL_ENABLE_DEBUG_INFO = INCLUDE_SOURCE;
				MTL_FAST_MATH = YES;
				PRODUCT_BUNDLE_IDENTIFIER = com.hamsternik.BreathAppTests;
				PRODUCT_NAME = "$(TARGET_NAME)";
				SWIFT_OPTIMIZATION_LEVEL = "-Onone";
				SWIFT_VERSION = 4.2;
				TARGETED_DEVICE_FAMILY = "1,2";
				TEST_HOST = "$(BUILT_PRODUCTS_DIR)/BreathApp.app/BreathApp";
			};
			name = Debug;
		};
		4338A946215E8F6E00A621BF /* Release */ = {
			isa = XCBuildConfiguration;
			buildSettings = {
				BUNDLE_LOADER = "$(TEST_HOST)";
				CLANG_ENABLE_MODULES = NO;
				CODE_SIGN_STYLE = Automatic;
				DEVELOPMENT_TEAM = C5B4S79D6V;
				INFOPLIST_FILE = BreathAppTests/Info.plist;
				IPHONEOS_DEPLOYMENT_TARGET = 12.0;
				LD_RUNPATH_SEARCH_PATHS = (
					"$(inherited)",
					"@executable_path/Frameworks",
					"@loader_path/Frameworks",
				);
				MTL_FAST_MATH = YES;
				PRODUCT_BUNDLE_IDENTIFIER = com.hamsternik.BreathAppTests;
				PRODUCT_NAME = "$(TARGET_NAME)";
				SWIFT_VERSION = 4.2;
				TARGETED_DEVICE_FAMILY = "1,2";
				TEST_HOST = "$(BUILT_PRODUCTS_DIR)/BreathApp.app/BreathApp";
			};
			name = Release;
		};
		62918F5420E96B6900A7C979 /* Debug */ = {
			isa = XCBuildConfiguration;
			buildSettings = {
				ALWAYS_SEARCH_USER_PATHS = NO;
				CLANG_ANALYZER_NONNULL = YES;
				CLANG_ANALYZER_NUMBER_OBJECT_CONVERSION = YES_AGGRESSIVE;
				CLANG_CXX_LANGUAGE_STANDARD = "gnu++14";
				CLANG_CXX_LIBRARY = "libc++";
				CLANG_ENABLE_MODULES = YES;
				CLANG_ENABLE_OBJC_ARC = YES;
				CLANG_ENABLE_OBJC_WEAK = YES;
				CLANG_WARN_BLOCK_CAPTURE_AUTORELEASING = YES;
				CLANG_WARN_BOOL_CONVERSION = YES;
				CLANG_WARN_COMMA = YES;
				CLANG_WARN_CONSTANT_CONVERSION = YES;
				CLANG_WARN_DEPRECATED_OBJC_IMPLEMENTATIONS = YES;
				CLANG_WARN_DIRECT_OBJC_ISA_USAGE = YES_ERROR;
				CLANG_WARN_DOCUMENTATION_COMMENTS = YES;
				CLANG_WARN_EMPTY_BODY = YES;
				CLANG_WARN_ENUM_CONVERSION = YES;
				CLANG_WARN_INFINITE_RECURSION = YES;
				CLANG_WARN_INT_CONVERSION = YES;
				CLANG_WARN_NON_LITERAL_NULL_CONVERSION = YES;
				CLANG_WARN_OBJC_IMPLICIT_RETAIN_SELF = YES;
				CLANG_WARN_OBJC_LITERAL_CONVERSION = YES;
				CLANG_WARN_OBJC_ROOT_CLASS = YES_ERROR;
				CLANG_WARN_RANGE_LOOP_ANALYSIS = YES;
				CLANG_WARN_STRICT_PROTOTYPES = YES;
				CLANG_WARN_SUSPICIOUS_MOVE = YES;
				CLANG_WARN_UNGUARDED_AVAILABILITY = YES_AGGRESSIVE;
				CLANG_WARN_UNREACHABLE_CODE = YES;
				CLANG_WARN__DUPLICATE_METHOD_MATCH = YES;
				CODE_SIGN_IDENTITY = "iPhone Developer";
				COPY_PHASE_STRIP = NO;
				DEBUG_INFORMATION_FORMAT = dwarf;
				ENABLE_STRICT_OBJC_MSGSEND = YES;
				ENABLE_TESTABILITY = YES;
				GCC_C_LANGUAGE_STANDARD = gnu11;
				GCC_DYNAMIC_NO_PIC = NO;
				GCC_NO_COMMON_BLOCKS = YES;
				GCC_OPTIMIZATION_LEVEL = 0;
				GCC_PREPROCESSOR_DEFINITIONS = (
					"DEBUG=1",
					"$(inherited)",
				);
				GCC_WARN_64_TO_32_BIT_CONVERSION = YES;
				GCC_WARN_ABOUT_RETURN_TYPE = YES_ERROR;
				GCC_WARN_UNDECLARED_SELECTOR = YES;
				GCC_WARN_UNINITIALIZED_AUTOS = YES_AGGRESSIVE;
				GCC_WARN_UNUSED_FUNCTION = YES;
				GCC_WARN_UNUSED_VARIABLE = YES;
				IPHONEOS_DEPLOYMENT_TARGET = 11.4;
				MTL_ENABLE_DEBUG_INFO = YES;
				ONLY_ACTIVE_ARCH = YES;
				SDKROOT = iphoneos;
				SWIFT_ACTIVE_COMPILATION_CONDITIONS = DEBUG;
				SWIFT_OPTIMIZATION_LEVEL = "-Onone";
			};
			name = Debug;
		};
		62918F5520E96B6900A7C979 /* Release */ = {
			isa = XCBuildConfiguration;
			buildSettings = {
				ALWAYS_SEARCH_USER_PATHS = NO;
				CLANG_ANALYZER_NONNULL = YES;
				CLANG_ANALYZER_NUMBER_OBJECT_CONVERSION = YES_AGGRESSIVE;
				CLANG_CXX_LANGUAGE_STANDARD = "gnu++14";
				CLANG_CXX_LIBRARY = "libc++";
				CLANG_ENABLE_MODULES = YES;
				CLANG_ENABLE_OBJC_ARC = YES;
				CLANG_ENABLE_OBJC_WEAK = YES;
				CLANG_WARN_BLOCK_CAPTURE_AUTORELEASING = YES;
				CLANG_WARN_BOOL_CONVERSION = YES;
				CLANG_WARN_COMMA = YES;
				CLANG_WARN_CONSTANT_CONVERSION = YES;
				CLANG_WARN_DEPRECATED_OBJC_IMPLEMENTATIONS = YES;
				CLANG_WARN_DIRECT_OBJC_ISA_USAGE = YES_ERROR;
				CLANG_WARN_DOCUMENTATION_COMMENTS = YES;
				CLANG_WARN_EMPTY_BODY = YES;
				CLANG_WARN_ENUM_CONVERSION = YES;
				CLANG_WARN_INFINITE_RECURSION = YES;
				CLANG_WARN_INT_CONVERSION = YES;
				CLANG_WARN_NON_LITERAL_NULL_CONVERSION = YES;
				CLANG_WARN_OBJC_IMPLICIT_RETAIN_SELF = YES;
				CLANG_WARN_OBJC_LITERAL_CONVERSION = YES;
				CLANG_WARN_OBJC_ROOT_CLASS = YES_ERROR;
				CLANG_WARN_RANGE_LOOP_ANALYSIS = YES;
				CLANG_WARN_STRICT_PROTOTYPES = YES;
				CLANG_WARN_SUSPICIOUS_MOVE = YES;
				CLANG_WARN_UNGUARDED_AVAILABILITY = YES_AGGRESSIVE;
				CLANG_WARN_UNREACHABLE_CODE = YES;
				CLANG_WARN__DUPLICATE_METHOD_MATCH = YES;
				CODE_SIGN_IDENTITY = "iPhone Developer";
				COPY_PHASE_STRIP = NO;
				DEBUG_INFORMATION_FORMAT = "dwarf-with-dsym";
				ENABLE_NS_ASSERTIONS = NO;
				ENABLE_STRICT_OBJC_MSGSEND = YES;
				GCC_C_LANGUAGE_STANDARD = gnu11;
				GCC_NO_COMMON_BLOCKS = YES;
				GCC_WARN_64_TO_32_BIT_CONVERSION = YES;
				GCC_WARN_ABOUT_RETURN_TYPE = YES_ERROR;
				GCC_WARN_UNDECLARED_SELECTOR = YES;
				GCC_WARN_UNINITIALIZED_AUTOS = YES_AGGRESSIVE;
				GCC_WARN_UNUSED_FUNCTION = YES;
				GCC_WARN_UNUSED_VARIABLE = YES;
				IPHONEOS_DEPLOYMENT_TARGET = 11.4;
				MTL_ENABLE_DEBUG_INFO = NO;
				SDKROOT = iphoneos;
				SWIFT_COMPILATION_MODE = wholemodule;
				SWIFT_OPTIMIZATION_LEVEL = "-O";
				VALIDATE_PRODUCT = YES;
			};
			name = Release;
		};
		62918F5720E96B6900A7C979 /* Debug */ = {
			isa = XCBuildConfiguration;
			baseConfigurationReference = 7CCB2F1D1E5A0D2E112603C5 /* Pods-BreathApp.debug.xcconfig */;
			buildSettings = {
				ASSETCATALOG_COMPILER_APPICON_NAME = AppIcon;
				CODE_SIGN_STYLE = Automatic;
				DEVELOPMENT_TEAM = C5B4S79D6V;
				INFOPLIST_FILE = "$(SRCROOT)/BreathApp/Resources/Info.plist";
				IPHONEOS_DEPLOYMENT_TARGET = 11.0;
				LD_RUNPATH_SEARCH_PATHS = (
					"$(inherited)",
					"@executable_path/Frameworks",
				);
				PRODUCT_BUNDLE_IDENTIFIER = com.hamsternik.BreathApp;
				PRODUCT_NAME = "$(TARGET_NAME)";
				SWIFT_VERSION = 4.0;
				TARGETED_DEVICE_FAMILY = "1,2";
			};
			name = Debug;
		};
		62918F5820E96B6900A7C979 /* Release */ = {
			isa = XCBuildConfiguration;
			baseConfigurationReference = C6F48B26FF368FB58FDF34D6 /* Pods-BreathApp.release.xcconfig */;
			buildSettings = {
				ASSETCATALOG_COMPILER_APPICON_NAME = AppIcon;
				CODE_SIGN_STYLE = Automatic;
				DEVELOPMENT_TEAM = C5B4S79D6V;
				INFOPLIST_FILE = "$(SRCROOT)/BreathApp/Resources/Info.plist";
				IPHONEOS_DEPLOYMENT_TARGET = 11.0;
				LD_RUNPATH_SEARCH_PATHS = (
					"$(inherited)",
					"@executable_path/Frameworks",
				);
				PRODUCT_BUNDLE_IDENTIFIER = com.hamsternik.BreathApp;
				PRODUCT_NAME = "$(TARGET_NAME)";
				SWIFT_VERSION = 4.0;
				TARGETED_DEVICE_FAMILY = "1,2";
			};
			name = Release;
		};
/* End XCBuildConfiguration section */

/* Begin XCConfigurationList section */
		4338A944215E8F6E00A621BF /* Build configuration list for PBXNativeTarget "BreathAppTests" */ = {
			isa = XCConfigurationList;
			buildConfigurations = (
				4338A945215E8F6E00A621BF /* Debug */,
				4338A946215E8F6E00A621BF /* Release */,
			);
			defaultConfigurationIsVisible = 0;
			defaultConfigurationName = Release;
		};
		62918F3F20E96B6800A7C979 /* Build configuration list for PBXProject "BreathApp" */ = {
			isa = XCConfigurationList;
			buildConfigurations = (
				62918F5420E96B6900A7C979 /* Debug */,
				62918F5520E96B6900A7C979 /* Release */,
			);
			defaultConfigurationIsVisible = 0;
			defaultConfigurationName = Release;
		};
		62918F5620E96B6900A7C979 /* Build configuration list for PBXNativeTarget "BreathApp" */ = {
			isa = XCConfigurationList;
			buildConfigurations = (
				62918F5720E96B6900A7C979 /* Debug */,
				62918F5820E96B6900A7C979 /* Release */,
			);
			defaultConfigurationIsVisible = 0;
			defaultConfigurationName = Release;
		};
/* End XCConfigurationList section */
	};
	rootObject = 62918F3C20E96B6800A7C979 /* Project object */;
}
